
Microsoft Visual Studio Solution File, Format Version 12.00
# Visual Studio Version 17
VisualStudioVersion = 17.14.37516.0 d17.14
MinimumVisualStudioVersion = 10.0.40219.1
Project("{FAE04EC0-301F-11D3-BF4B-00C04F79EFBC}") = "Tutorial2_4", "Tutorial2_4\Tutorial2_4.csproj", "{D3BF60E7-138E-4A0F-A050-AD9B5161487D}"
EndProject
Global
	GlobalSection(SolutionConfigurationPlatforms) = preSolution
		Debug|Any CPU = Debug|Any CPU
		Release|Any CPU = Release|Any CPU
	EndGlobalSection
	GlobalSection(ProjectConfigurationPlatforms) = postSolution
		{D3BF60E7-138E-4A0F-A050-AD9B5161487D}.Debug|Any CPU.ActiveCfg = Debug|Any CPU
		{D3BF60E7-138E-4A0F-A050-AD9B5161487D}.Debug|Any CPU.Build.0 = Debug|Any CPU
		{D3BF60E7-138E-4A0F-A050-AD9B5161487D}.Release|Any CPU.ActiveCfg = Release|Any CPU
		{D3BF60E7-138E-4A0F-A050-AD9B5161487D}.Release|Any CPU.Build.0 = Release|Any CPU
	EndGlobalSection
	GlobalSection(SolutionProperties) = preSolution
		HideSolutionNode = FALSE
	EndGlobalSection
	GlobalSection(ExtensibilityGlobals) = postSolution
		SolutionGuid = {46C26D60-295C-4BB6-BFE2-F8D78B994889}
	EndGlobalSection
EndGlobal
