
Microsoft Visual Studio Solution File, Format Version 12.00
# Visual Studio Version 17
VisualStudioVersion = 17.14.37516.0 d17.14
MinimumVisualStudioVersion = 10.0.40219.1
Project("{FAE04EC0-301F-11D3-BF4B-00C04F79EFBC}") = "Tutorial_2_2", "Tutorial_2_2\Tutorial_2_2.csproj", "{D59A9A50-74BA-4F06-9E3E-E0A266B27D1A}"
EndProject
Global
	GlobalSection(SolutionConfigurationPlatforms) = preSolution
		Debug|Any CPU = Debug|Any CPU
		Release|Any CPU = Release|Any CPU
	EndGlobalSection
	GlobalSection(ProjectConfigurationPlatforms) = postSolution
		{D59A9A50-74BA-4F06-9E3E-E0A266B27D1A}.Debug|Any CPU.ActiveCfg = Debug|Any CPU
		{D59A9A50-74BA-4F06-9E3E-E0A266B27D1A}.Debug|Any CPU.Build.0 = Debug|Any CPU
		{D59A9A50-74BA-4F06-9E3E-E0A266B27D1A}.Release|Any CPU.ActiveCfg = Release|Any CPU
		{D59A9A50-74BA-4F06-9E3E-E0A266B27D1A}.Release|Any CPU.Build.0 = Release|Any CPU
	EndGlobalSection
	GlobalSection(SolutionProperties) = preSolution
		HideSolutionNode = FALSE
	EndGlobalSection
	GlobalSection(ExtensibilityGlobals) = postSolution
		SolutionGuid = {12697539-3A6C-4FD6-96D1-03FE4C1675AC}
	EndGlobalSection
EndGlobal
